// !$*UTF8*$!
{
	archiveVersion = 1;
	classes = {
	};
	objectVersion = 46;
	objects = {

/* Begin PBXBuildFile section */
		3D9757B618325C1A00224F3E /* Foundation.framework in Frameworks */ = {isa = PBXBuildFile; fileRef = 3D9757B518325C1A00224F3E /* Foundation.framework */; };
		3D9757B818325C1A00224F3E /* CoreGraphics.framework in Frameworks */ = {isa = PBXBuildFile; fileRef = 3D9757B718325C1A00224F3E /* CoreGraphics.framework */; };
		3D9757BA18325C1A00224F3E /* UIKit.framework in Frameworks */ = {isa = PBXBuildFile; fileRef = 3D9757B918325C1A00224F3E /* UIKit.framework */; };
		3D9757C018325C1A00224F3E /* InfoPlist.strings in Resources */ = {isa = PBXBuildFile; fileRef = 3D9757BE18325C1A00224F3E /* InfoPlist.strings */; };
		3D9757C218325C1A00224F3E /* main.m in Sources */ = {isa = PBXBuildFile; fileRef = 3D9757C118325C1A00224F3E /* main.m */; };
		3D9757C618325C1A00224F3E /* AppDelegate.m in Sources */ = {isa = PBXBuildFile; fileRef = 3D9757C518325C1A00224F3E /* AppDelegate.m */; };
		3D9757C918325C1A00224F3E /* Main_iPhone.storyboard in Resources */ = {isa = PBXBuildFile; fileRef = 3D9757C718325C1A00224F3E /* Main_iPhone.storyboard */; };
		3D9757CC18325C1A00224F3E /* Main_iPad.storyboard in Resources */ = {isa = PBXBuildFile; fileRef = 3D9757CA18325C1A00224F3E /* Main_iPad.storyboard */; };
		3D9757CF18325C1A00224F3E /* ViewController.m in Sources */ = {isa = PBXBuildFile; fileRef = 3D9757CE18325C1A00224F3E /* ViewController.m */; };
		3D9757D118325C1A00224F3E /* Images.xcassets in Resources */ = {isa = PBXBuildFile; fileRef = 3D9757D018325C1A00224F3E /* Images.xcassets */; };
		3D9757D818325C1A00224F3E /* XCTest.framework in Frameworks */ = {isa = PBXBuildFile; fileRef = 3D9757D718325C1A00224F3E /* XCTest.framework */; };
		3D9757D918325C1A00224F3E /* Foundation.framework in Frameworks */ = {isa = PBXBuildFile; fileRef = 3D9757B518325C1A00224F3E /* Foundation.framework */; };
		3D9757DA18325C1A00224F3E /* UIKit.framework in Frameworks */ = {isa = PBXBuildFile; fileRef = 3D9757B918325C1A00224F3E /* UIKit.framework */; };
		3D9757E218325C1A00224F3E /* InfoPlist.strings in Resources */ = {isa = PBXBuildFile; fileRef = 3D9757E018325C1A00224F3E /* InfoPlist.strings */; };
		3D9757E418325C1A00224F3E /* PiconSampleProjectTests.m in Sources */ = {isa = PBXBuildFile; fileRef = 3D9757E318325C1A00224F3E /* PiconSampleProjectTests.m */; };
/* End PBXBuildFile section */

/* Begin PBXContainerItemProxy section */
		3D9757DB18325C1A00224F3E /* PBXContainerItemProxy */ = {
			isa = PBXContainerItemProxy;
			containerPortal = 3D9757AA18325C1A00224F3E /* Project object */;
			proxyType = 1;
			remoteGlobalIDString = 3D9757B118325C1A00224F3E;
			remoteInfo = PiconSampleProject;
		};
/* End PBXContainerItemProxy section */

/* Begin PBXFileReference section */
		3D9757B218325C1A00224F3E /* PiconSampleProject.app */ = {isa = PBXFileReference; explicitFileType = wrapper.application; includeInIndex = 0; path = PiconSampleProject.app; sourceTree = BUILT_PRODUCTS_DIR; };
		3D9757B518325C1A00224F3E /* Foundation.framework */ = {isa = PBXFileReference; lastKnownFileType = wrapper.framework; name = Foundation.framework; path = System/Library/Frameworks/Foundation.framework; sourceTree = SDKROOT; };
		3D9757B718325C1A00224F3E /* CoreGraphics.framework */ = {isa = PBXFileReference; lastKnownFileType = wrapper.framework; name = CoreGraphics.framework; path = System/Library/Frameworks/CoreGraphics.framework; sourceTree = SDKROOT; };
		3D9757B918325C1A00224F3E /* UIKit.framework */ = {isa = PBXFileReference; lastKnownFileType = wrapper.framework; name = UIKit.framework; path = System/Library/Frameworks/UIKit.framework; sourceTree = SDKROOT; };
		3D9757BD18325C1A00224F3E /* PiconSampleProject-Info.plist */ = {isa = PBXFileReference; lastKnownFileType = text.plist.xml; path = "PiconSampleProject-Info.plist"; sourceTree = "<group>"; };
		3D9757BF18325C1A00224F3E /* en */ = {isa = PBXFileReference; lastKnownFileType = text.plist.strings; name = en; path = en.lproj/InfoPlist.strings; sourceTree = "<group>"; };
		3D9757C118325C1A00224F3E /* main.m */ = {isa = PBXFileReference; lastKnownFileType = sourcecode.c.objc; path = main.m; sourceTree = "<group>"; };
		3D9757C318325C1A00224F3E /* PiconSampleProject-Prefix.pch */ = {isa = PBXFileReference; lastKnownFileType = sourcecode.c.h; path = "PiconSampleProject-Prefix.pch"; sourceTree = "<group>"; };
		3D9757C418325C1A00224F3E /* AppDelegate.h */ = {isa = PBXFileReference; lastKnownFileType = sourcecode.c.h; path = AppDelegate.h; sourceTree = "<group>"; };
		3D9757C518325C1A00224F3E /* AppDelegate.m */ = {isa = PBXFileReference; lastKnownFileType = sourcecode.c.objc; path = AppDelegate.m; sourceTree = "<group>"; };
		3D9757C818325C1A00224F3E /* Base */ = {isa = PBXFileReference; lastKnownFileType = file.storyboard; name = Base; path = Base.lproj/Main_iPhone.storyboard; sourceTree = "<group>"; };
		3D9757CB18325C1A00224F3E /* Base */ = {isa = PBXFileReference; lastKnownFileType = file.storyboard; name = Base; path = Base.lproj/Main_iPad.storyboard; sourceTree = "<group>"; };
		3D9757CD18325C1A00224F3E /* ViewController.h */ = {isa = PBXFileReference; lastKnownFileType = sourcecode.c.h; path = ViewController.h; sourceTree = "<group>"; };
		3D9757CE18325C1A00224F3E /* ViewController.m */ = {isa = PBXFileReference; lastKnownFileType = sourcecode.c.objc; path = ViewController.m; sourceTree = "<group>"; };
		3D9757D018325C1A00224F3E /* Images.xcassets */ = {isa = PBXFileReference; lastKnownFileType = folder.assetcatalog; path = Images.xcassets; sourceTree = "<group>"; };
		3D9757D618325C1A00224F3E /* PiconSampleProjectTests.xctest */ = {isa = PBXFileReference; explicitFileType = wrapper.cfbundle; includeInIndex = 0; path = PiconSampleProjectTests.xctest; sourceTree = BUILT_PRODUCTS_DIR; };
		3D9757D718325C1A00224F3E /* XCTest.framework */ = {isa = PBXFileReference; lastKnownFileType = wrapper.framework; name = XCTest.framework; path = Library/Frameworks/XCTest.framework; sourceTree = DEVELOPER_DIR; };
		3D9757DF18325C1A00224F3E /* PiconSampleProjectTests-Info.plist */ = {isa = PBXFileReference; lastKnownFileType = text.plist.xml; path = "PiconSampleProjectTests-Info.plist"; sourceTree = "<group>"; };
		3D9757E118325C1A00224F3E /* en */ = {isa = PBXFileReference; lastKnownFileType = text.plist.strings; name = en; path = en.lproj/InfoPlist.strings; sourceTree = "<group>"; };
		3D9757E318325C1A00224F3E /* PiconSampleProjectTests.m */ = {isa = PBXFileReference; lastKnownFileType = sourcecode.c.objc; path = PiconSampleProjectTests.m; sourceTree = "<group>"; };
/* End PBXFileReference section */

/* Begin PBXFrameworksBuildPhase section */
		3D9757AF18325C1A00224F3E /* Frameworks */ = {
			isa = PBXFrameworksBuildPhase;
			buildActionMask = 2147483647;
			files = (
				3D9757B818325C1A00224F3E /* CoreGraphics.framework in Frameworks */,
				3D9757BA18325C1A00224F3E /* UIKit.framework in Frameworks */,
				3D9757B618325C1A00224F3E /* Foundation.framework in Frameworks */,
			);
			runOnlyForDeploymentPostprocessing = 0;
		};
		3D9757D318325C1A00224F3E /* Frameworks */ = {
			isa = PBXFrameworksBuildPhase;
			buildActionMask = 2147483647;
			files = (
				3D9757D818325C1A00224F3E /* XCTest.framework in Frameworks */,
				3D9757DA18325C1A00224F3E /* UIKit.framework in Frameworks */,
				3D9757D918325C1A00224F3E /* Foundation.framework in Frameworks */,
			);
			runOnlyForDeploymentPostprocessing = 0;
		};
/* End PBXFrameworksBuildPhase section */

/* Begin PBXGroup section */
		3D9757A918325C1A00224F3E = {
			isa = PBXGroup;
			children = (
				3D9757BB18325C1A00224F3E /* PiconSampleProject */,
				3D9757DD18325C1A00224F3E /* PiconSampleProjectTests */,
				3D9757B418325C1A00224F3E /* Frameworks */,
				3D9757B318325C1A00224F3E /* Products */,
			);
			sourceTree = "<group>";
		};
		3D9757B318325C1A00224F3E /* Products */ = {
			isa = PBXGroup;
			children = (
				3D9757B218325C1A00224F3E /* PiconSampleProject.app */,
				3D9757D618325C1A00224F3E /* PiconSampleProjectTests.xctest */,
			);
			name = Products;
			sourceTree = "<group>";
		};
		3D9757B418325C1A00224F3E /* Frameworks */ = {
			isa = PBXGroup;
			children = (
				3D9757B518325C1A00224F3E /* Foundation.framework */,
				3D9757B718325C1A00224F3E /* CoreGraphics.framework */,
				3D9757B918325C1A00224F3E /* UIKit.framework */,
				3D9757D718325C1A00224F3E /* XCTest.framework */,
			);
			name = Frameworks;
			sourceTree = "<group>";
		};
		3D9757BB18325C1A00224F3E /* PiconSampleProject */ = {
			isa = PBXGroup;
			children = (
				3D9757C418325C1A00224F3E /* AppDelegate.h */,
				3D9757C518325C1A00224F3E /* AppDelegate.m */,
				3D9757C718325C1A00224F3E /* Main_iPhone.storyboard */,
				3D9757CA18325C1A00224F3E /* Main_iPad.storyboard */,
				3D9757CD18325C1A00224F3E /* ViewController.h */,
				3D9757CE18325C1A00224F3E /* ViewController.m */,
				3D9757D018325C1A00224F3E /* Images.xcassets */,
				3D9757BC18325C1A00224F3E /* Supporting Files */,
			);
			path = PiconSampleProject;
			sourceTree = "<group>";
		};
		3D9757BC18325C1A00224F3E /* Supporting Files */ = {
			isa = PBXGroup;
			children = (
				3D9757BD18325C1A00224F3E /* PiconSampleProject-Info.plist */,
				3D9757BE18325C1A00224F3E /* InfoPlist.strings */,
				3D9757C118325C1A00224F3E /* main.m */,
				3D9757C318325C1A00224F3E /* PiconSampleProject-Prefix.pch */,
			);
			name = "Supporting Files";
			sourceTree = "<group>";
		};
		3D9757DD18325C1A00224F3E /* PiconSampleProjectTests */ = {
			isa = PBXGroup;
			children = (
				3D9757E318325C1A00224F3E /* PiconSampleProjectTests.m */,
				3D9757DE18325C1A00224F3E /* Supporting Files */,
			);
			path = PiconSampleProjectTests;
			sourceTree = "<group>";
		};
		3D9757DE18325C1A00224F3E /* Supporting Files */ = {
			isa = PBXGroup;
			children = (
				3D9757DF18325C1A00224F3E /* PiconSampleProjectTests-Info.plist */,
				3D9757E018325C1A00224F3E /* InfoPlist.strings */,
			);
			name = "Supporting Files";
			sourceTree = "<group>";
		};
/* End PBXGroup section */

/* Begin PBXNativeTarget section */
		3D9757B118325C1A00224F3E /* PiconSampleProject */ = {
			isa = PBXNativeTarget;
			buildConfigurationList = 3D9757E718325C1A00224F3E /* Build configuration list for PBXNativeTarget "PiconSampleProject" */;
			buildPhases = (
				3D9757AE18325C1A00224F3E /* Sources */,
				3D9757AF18325C1A00224F3E /* Frameworks */,
				3D9757B018325C1A00224F3E /* Resources */,
			);
			buildRules = (
			);
			dependencies = (
			);
			name = PiconSampleProject;
			productName = PiconSampleProject;
			productReference = 3D9757B218325C1A00224F3E /* PiconSampleProject.app */;
			productType = "com.apple.product-type.application";
		};
		3D9757D518325C1A00224F3E /* PiconSampleProjectTests */ = {
			isa = PBXNativeTarget;
			buildConfigurationList = 3D9757EA18325C1A00224F3E /* Build configuration list for PBXNativeTarget "PiconSampleProjectTests" */;
			buildPhases = (
				3D9757D218325C1A00224F3E /* Sources */,
				3D9757D318325C1A00224F3E /* Frameworks */,
				3D9757D418325C1A00224F3E /* Resources */,
			);
			buildRules = (
			);
			dependencies = (
				3D9757DC18325C1A00224F3E /* PBXTargetDependency */,
			);
			name = PiconSampleProjectTests;
			productName = PiconSampleProjectTests;
			productReference = 3D9757D618325C1A00224F3E /* PiconSampleProjectTests.xctest */;
			productType = "com.apple.product-type.bundle.unit-test";
		};
/* End PBXNativeTarget section */

/* Begin PBXProject section */
		3D9757AA18325C1A00224F3E /* Project object */ = {
			isa = PBXProject;
			attributes = {
				LastUpgradeCheck = 0500;
				ORGANIZATIONNAME = "Naoto Kaneko";
				TargetAttributes = {
					3D9757D518325C1A00224F3E = {
						TestTargetID = 3D9757B118325C1A00224F3E;
					};
				};
			};
			buildConfigurationList = 3D9757AD18325C1A00224F3E /* Build configuration list for PBXProject "PiconSampleProject" */;
			compatibilityVersion = "Xcode 3.2";
			developmentRegion = English;
			hasScannedForEncodings = 0;
			knownRegions = (
				en,
				Base,
			);
			mainGroup = 3D9757A918325C1A00224F3E;
			productRefGroup = 3D9757B318325C1A00224F3E /* Products */;
			projectDirPath = "";
			projectRoot = "";
			targets = (
				3D9757B118325C1A00224F3E /* PiconSampleProject */,
				3D9757D518325C1A00224F3E /* PiconSampleProjectTests */,
			);
		};
/* End PBXProject section */

/* Begin PBXResourcesBuildPhase section */
		3D9757B018325C1A00224F3E /* Resources */ = {
			isa = PBXResourcesBuildPhase;
			buildActionMask = 2147483647;
			files = (
				3D9757CC18325C1A00224F3E /* Main_iPad.storyboard in Resources */,
				3D9757D118325C1A00224F3E /* Images.xcassets in Resources */,
				3D9757C918325C1A00224F3E /* Main_iPhone.storyboard in Resources */,
				3D9757C018325C1A00224F3E /* InfoPlist.strings in Resources */,
			);
			runOnlyForDeploymentPostprocessing = 0;
		};
		3D9757D418325C1A00224F3E /* Resources */ = {
			isa = PBXResourcesBuildPhase;
			buildActionMask = 2147483647;
			files = (
				3D9757E218325C1A00224F3E /* InfoPlist.strings in Resources */,
			);
			runOnlyForDeploymentPostprocessing = 0;
		};
/* End PBXResourcesBuildPhase section */

/* Begin PBXSourcesBuildPhase section */
		3D9757AE18325C1A00224F3E /* Sources */ = {
			isa = PBXSourcesBuildPhase;
			buildActionMask = 2147483647;
			files = (
				3D9757CF18325C1A00224F3E /* ViewController.m in Sources */,
				3D9757C618325C1A00224F3E /* AppDelegate.m in Sources */,
				3D9757C218325C1A00224F3E /* main.m in Sources */,
			);
			runOnlyForDeploymentPostprocessing = 0;
		};
		3D9757D218325C1A00224F3E /* Sources */ = {
			isa = PBXSourcesBuildPhase;
			buildActionMask = 2147483647;
			files = (
				3D9757E418325C1A00224F3E /* PiconSampleProjectTests.m in Sources */,
			);
			runOnlyForDeploymentPostprocessing = 0;
		};
/* End PBXSourcesBuildPhase section */

/* Begin PBXTargetDependency section */
		3D9757DC18325C1A00224F3E /* PBXTargetDependency */ = {
			isa = PBXTargetDependency;
			target = 3D9757B118325C1A00224F3E /* PiconSampleProject */;
			targetProxy = 3D9757DB18325C1A00224F3E /* PBXContainerItemProxy */;
		};
/* End PBXTargetDependency section */

/* Begin PBXVariantGroup section */
		3D9757BE18325C1A00224F3E /* InfoPlist.strings */ = {
			isa = PBXVariantGroup;
			children = (
				3D9757BF18325C1A00224F3E /* en */,
			);
			name = InfoPlist.strings;
			sourceTree = "<group>";
		};
		3D9757C718325C1A00224F3E /* Main_iPhone.storyboard */ = {
			isa = PBXVariantGroup;
			children = (
				3D9757C818325C1A00224F3E /* Base */,
			);
			name = Main_iPhone.storyboard;
			sourceTree = "<group>";
		};
		3D9757CA18325C1A00224F3E /* Main_iPad.storyboard */ = {
			isa = PBXVariantGroup;
			children = (
				3D9757CB18325C1A00224F3E /* Base */,
			);
			name = Main_iPad.storyboard;
			sourceTree = "<group>";
		};
		3D9757E018325C1A00224F3E /* InfoPlist.strings */ = {
			isa = PBXVariantGroup;
			children = (
				3D9757E118325C1A00224F3E /* en */,
			);
			name = InfoPlist.strings;
			sourceTree = "<group>";
		};
/* End PBXVariantGroup section */

/* Begin XCBuildConfiguration section */
		3D9757E518325C1A00224F3E /* Debug */ = {
			isa = XCBuildConfiguration;
			buildSettings = {
				ALWAYS_SEARCH_USER_PATHS = NO;
				ARCHS = "$(ARCHS_STANDARD_INCLUDING_64_BIT)";
				CLANG_CXX_LANGUAGE_STANDARD = "gnu++0x";
				CLANG_CXX_LIBRARY = "libc++";
				CLANG_ENABLE_MODULES = YES;
				CLANG_ENABLE_OBJC_ARC = YES;
				CLANG_WARN_BOOL_CONVERSION = YES;
				CLANG_WARN_CONSTANT_CONVERSION = YES;
				CLANG_WARN_DIRECT_OBJC_ISA_USAGE = YES_ERROR;
				CLANG_WARN_EMPTY_BODY = YES;
				CLANG_WARN_ENUM_CONVERSION = YES;
				CLANG_WARN_INT_CONVERSION = YES;
				CLANG_WARN_OBJC_ROOT_CLASS = YES_ERROR;
				CLANG_WARN__DUPLICATE_METHOD_MATCH = YES;
				"CODE_SIGN_IDENTITY[sdk=iphoneos*]" = "iPhone Developer";
				COPY_PHASE_STRIP = NO;
				GCC_C_LANGUAGE_STANDARD = gnu99;
				GCC_DYNAMIC_NO_PIC = NO;
				GCC_OPTIMIZATION_LEVEL = 0;
				GCC_PREPROCESSOR_DEFINITIONS = (
					"DEBUG=1",
					"$(inherited)",
				);
				GCC_SYMBOLS_PRIVATE_EXTERN = NO;
				GCC_WARN_64_TO_32_BIT_CONVERSION = YES;
				GCC_WARN_ABOUT_RETURN_TYPE = YES_ERROR;
				GCC_WARN_UNDECLARED_SELECTOR = YES;
				GCC_WARN_UNINITIALIZED_AUTOS = YES;
				GCC_WARN_UNUSED_FUNCTION = YES;
				GCC_WARN_UNUSED_VARIABLE = YES;
				IPHONEOS_DEPLOYMENT_TARGET = 7.0;
				ONLY_ACTIVE_ARCH = YES;
				SDKROOT = iphoneos;
				TARGETED_DEVICE_FAMILY = "1,2";
			};
			name = Debug;
		};
		3D9757E618325C1A00224F3E /* Release */ = {
			isa = XCBuildConfiguration;
			buildSettings = {
				ALWAYS_SEARCH_USER_PATHS = NO;
				ARCHS = "$(ARCHS_STANDARD_INCLUDING_64_BIT)";
				CLANG_CXX_LANGUAGE_STANDARD = "gnu++0x";
				CLANG_CXX_LIBRARY = "libc++";
				CLANG_ENABLE_MODULES = YES;
				CLANG_ENABLE_OBJC_ARC = YES;
				CLANG_WARN_BOOL_CONVERSION = YES;
				CLANG_WARN_CONSTANT_CONVERSION = YES;
				CLANG_WARN_DIRECT_OBJC_ISA_USAGE = YES_ERROR;
				CLANG_WARN_EMPTY_BODY = YES;
				CLANG_WARN_ENUM_CONVERSION = YES;
				CLANG_WARN_INT_CONVERSION = YES;
				CLANG_WARN_OBJC_ROOT_CLASS = YES_ERROR;
				CLANG_WARN__DUPLICATE_METHOD_MATCH = YES;
				"CODE_SIGN_IDENTITY[sdk=iphoneos*]" = "iPhone Developer";
				COPY_PHASE_STRIP = YES;
				ENABLE_NS_ASSERTIONS = NO;
				GCC_C_LANGUAGE_STANDARD = gnu99;
				GCC_WARN_64_TO_32_BIT_CONVERSION = YES;
				GCC_WARN_ABOUT_RETURN_TYPE = YES_ERROR;
				GCC_WARN_UNDECLARED_SELECTOR = YES;
				GCC_WARN_UNINITIALIZED_AUTOS = YES;
				GCC_WARN_UNUSED_FUNCTION = YES;
				GCC_WARN_UNUSED_VARIABLE = YES;
				IPHONEOS_DEPLOYMENT_TARGET = 7.0;
				SDKROOT = iphoneos;
				TARGETED_DEVICE_FAMILY = "1,2";
				VALIDATE_PRODUCT = YES;
			};
			name = Release;
		};
		3D9757E818325C1A00224F3E /* Debug */ = {
			isa = XCBuildConfiguration;
			buildSettings = {
				ASSETCATALOG_COMPILER_APPICON_NAME = Picon;
				ASSETCATALOG_COMPILER_LAUNCHIMAGE_NAME = LaunchImage;
				GCC_PRECOMPILE_PREFIX_HEADER = YES;
				GCC_PREFIX_HEADER = "PiconSampleProject/PiconSampleProject-Prefix.pch";
				INFOPLIST_FILE = "PiconSampleProject/PiconSampleProject-Info.plist";
				PRODUCT_NAME = "$(TARGET_NAME)";
				WRAPPER_EXTENSION = app;
			};
			name = Debug;
		};
		3D9757E918325C1A00224F3E /* Release */ = {
			isa = XCBuildConfiguration;
			buildSettings = {
				ASSETCATALOG_COMPILER_APPICON_NAME = Picon;
				ASSETCATALOG_COMPILER_LAUNCHIMAGE_NAME = LaunchImage;
				GCC_PRECOMPILE_PREFIX_HEADER = YES;
				GCC_PREFIX_HEADER = "PiconSampleProject/PiconSampleProject-Prefix.pch";
				INFOPLIST_FILE = "PiconSampleProject/PiconSampleProject-Info.plist";
				PRODUCT_NAME = "$(TARGET_NAME)";
				WRAPPER_EXTENSION = app;
			};
			name = Release;
		};
		3D9757EB18325C1A00224F3E /* Debug */ = {
			isa = XCBuildConfiguration;
			buildSettings = {
				ARCHS = "$(ARCHS_STANDARD_INCLUDING_64_BIT)";
				BUNDLE_LOADER = "$(BUILT_PRODUCTS_DIR)/PiconSampleProject.app/PiconSampleProject";
				FRAMEWORK_SEARCH_PATHS = (
					"$(SDKROOT)/Developer/Library/Frameworks",
					"$(inherited)",
					"$(DEVELOPER_FRAMEWORKS_DIR)",
				);
				GCC_PRECOMPILE_PREFIX_HEADER = YES;
				GCC_PREFIX_HEADER = "PiconSampleProject/PiconSampleProject-Prefix.pch";
				GCC_PREPROCESSOR_DEFINITIONS = (
					"DEBUG=1",
					"$(inherited)",
				);
				INFOPLIST_FILE = "PiconSampleProjectTests/PiconSampleProjectTests-Info.plist";
				PRODUCT_NAME = "$(TARGET_NAME)";
				TEST_HOST = "$(BUNDLE_LOADER)";
				WRAPPER_EXTENSION = xctest;
			};
			name = Debug;
		};
		3D9757EC18325C1A00224F3E /* Release */ = {
			isa = XCBuildConfiguration;
			buildSettings = {
				ARCHS = "$(ARCHS_STANDARD_INCLUDING_64_BIT)";
				BUNDLE_LOADER = "$(BUILT_PRODUCTS_DIR)/PiconSampleProject.app/PiconSampleProject";
				FRAMEWORK_SEARCH_PATHS = (
					"$(SDKROOT)/Developer/Library/Frameworks",
					"$(inherited)",
					"$(DEVELOPER_FRAMEWORKS_DIR)",
				);
				GCC_PRECOMPILE_PREFIX_HEADER = YES;
				GCC_PREFIX_HEADER = "PiconSampleProject/PiconSampleProject-Prefix.pch";
				INFOPLIST_FILE = "PiconSampleProjectTests/PiconSampleProjectTests-Info.plist";
				PRODUCT_NAME = "$(TARGET_NAME)";
				TEST_HOST = "$(BUNDLE_LOADER)";
				WRAPPER_EXTENSION = xctest;
			};
			name = Release;
		};
/* End XCBuildConfiguration section */

/* Begin XCConfigurationList section */
		3D9757AD18325C1A00224F3E /* Build configuration list for PBXProject "PiconSampleProject" */ = {
			isa = XCConfigurationList;
			buildConfigurations = (
				3D9757E518325C1A00224F3E /* Debug */,
				3D9757E618325C1A00224F3E /* Release */,
			);
			defaultConfigurationIsVisible = 0;
			defaultConfigurationName = Release;
		};
		3D9757E718325C1A00224F3E /* Build configuration list for PBXNativeTarget "PiconSampleProject" */ = {
			isa = XCConfigurationList;
			buildConfigurations = (
				3D9757E818325C1A00224F3E /* Debug */,
				3D9757E918325C1A00224F3E /* Release */,
			);
			defaultConfigurationIsVisible = 0;
		};
		3D9757EA18325C1A00224F3E /* Build configuration list for PBXNativeTarget "PiconSampleProjectTests" */ = {
			isa = XCConfigurationList;
			buildConfigurations = (
				3D9757EB18325C1A00224F3E /* Debug */,
				3D9757EC18325C1A00224F3E /* Release */,
			);
			defaultConfigurationIsVisible = 0;
		};
/* End XCConfigurationList section */
	};
	rootObject = 3D9757AA18325C1A00224F3E /* Project object */;
}
